
Microsoft Visual Studio Solution File, Format Version 12.00
# Visual Studio 2013
VisualStudioVersion = 12.0.40629.0
MinimumVisualStudioVersion = 10.0.40219.1
Project("{FAE04EC0-301F-11D3-BF4B-00C04F79EFBC}") = "WcfClient", "WcfClient\WcfClient.csproj", "{A79046A5-1342-47D7-B8F1-0FEE73FD7D8E}"
EndProject
Project("{FAE04EC0-301F-11D3-BF4B-00C04F79EFBC}") = "WCFService", "WCFService\WCFService.csproj", "{910A2D62-A5E9-4AC7-A0BB-674C2AF2D419}"
EndProject
Project("{FAE04EC0-301F-11D3-BF4B-00C04F79EFBC}") = "WcfServiceHost", "WcfServiceHost\WcfServiceHost.csproj", "{B816FB05-909A-4B95-82AB-F1BF80D64E30}"
EndProject
Global
	GlobalSection(SolutionConfigurationPlatforms) = preSolution
		Debug|Any CPU = Debug|Any CPU
		Release|Any CPU = Release|Any CPU
	EndGlobalSection
	GlobalSection(ProjectConfigurationPlatforms) = postSolution
		{A79046A5-1342-47D7-B8F1-0FEE73FD7D8E}.Debug|Any CPU.ActiveCfg = Debug|Any CPU
		{A79046A5-1342-47D7-B8F1-0FEE73FD7D8E}.Debug|Any CPU.Build.0 = Debug|Any CPU
		{A79046A5-1342-47D7-B8F1-0FEE73FD7D8E}.Release|Any CPU.ActiveCfg = Release|Any CPU
		{A79046A5-1342-47D7-B8F1-0FEE73FD7D8E}.Release|Any CPU.Build.0 = Release|Any CPU
		{910A2D62-A5E9-4AC7-A0BB-674C2AF2D419}.Debug|Any CPU.ActiveCfg = Debug|Any CPU
		{910A2D62-A5E9-4AC7-A0BB-674C2AF2D419}.Debug|Any CPU.Build.0 = Debug|Any CPU
		{910A2D62-A5E9-4AC7-A0BB-674C2AF2D419}.Release|Any CPU.ActiveCfg = Release|Any CPU
		{910A2D62-A5E9-4AC7-A0BB-674C2AF2D419}.Release|Any CPU.Build.0 = Release|Any CPU
		{B816FB05-909A-4B95-82AB-F1BF80D64E30}.Debug|Any CPU.ActiveCfg = Debug|Any CPU
		{B816FB05-909A-4B95-82AB-F1BF80D64E30}.Debug|Any CPU.Build.0 = Debug|Any CPU
		{B816FB05-909A-4B95-82AB-F1BF80D64E30}.Release|Any CPU.ActiveCfg = Release|Any CPU
		{B816FB05-909A-4B95-82AB-F1BF80D64E30}.Release|Any CPU.Build.0 = Release|Any CPU
	EndGlobalSection
	GlobalSection(SolutionProperties) = preSolution
		HideSolutionNode = FALSE
	EndGlobalSection
EndGlobal
