
Microsoft Visual Studio Solution File, Format Version 12.00
# Visual Studio 2013
VisualStudioVersion = 12.0.40629.0
MinimumVisualStudioVersion = 10.0.40219.1
Project("{FAE04EC0-301F-11D3-BF4B-00C04F79EFBC}") = "HelloSystem", "Sample.Hello\Sample.Hello\HelloSystem.csproj", "{969811DA-EDEB-40AA-B309-160483B97798}"
EndProject
Project("{FAE04EC0-301F-11D3-BF4B-00C04F79EFBC}") = "Hello.Common", "Sample.Hello\Sample.Hello.Common\Hello.Common.csproj", "{49B6DC0B-0B5D-43B3-8526-DD8F6ECE20DB}"
EndProject
Project("{FAE04EC0-301F-11D3-BF4B-00C04F79EFBC}") = "HelloHost", "HelloHost\HelloHost.csproj", "{6837DA61-8546-4C02-9B34-FEA6D8BFAF1E}"
EndProject
Project("{FAE04EC0-301F-11D3-BF4B-00C04F79EFBC}") = "Sample.WCF.Factory", "Sample.WCF.Factory\Sample.WCF.Factory.csproj", "{F9CB5AD3-7109-4579-AEF3-CC19EDC2D3BB}"
EndProject
Project("{FAE04EC0-301F-11D3-BF4B-00C04F79EFBC}") = "HelloClient", "HelloClient\HelloClient.csproj", "{5BB39429-0934-4299-A4D2-5055B5F3EB9F}"
EndProject
Project("{54435603-DBB4-11D2-8724-00A0C9A8B90C}") = "HelloHostSetup", "HelloHostSetup\HelloHostSetup.vdproj", "{262E7A2F-EAC4-4FE9-A6FF-EC5ED4501FF6}"
EndProject
Global
	GlobalSection(TeamFoundationVersionControl) = preSolution
		SccNumberOfProjects = 7
		SccEnterpriseProvider = {4CA58AB2-18FA-4F8D-95D4-32DDF27D184C}
		SccTeamFoundationServer = http://irv-tfs-006:8080/tfs/defaultcollection
		SccLocalPath0 = .
		SccProjectUniqueName1 = HelloClient\\HelloClient.csproj
		SccProjectName1 = HelloClient
		SccLocalPath1 = HelloClient
		SccProjectUniqueName2 = HelloHost\\HelloHost.csproj
		SccProjectName2 = HelloHost
		SccLocalPath2 = HelloHost
		SccProjectUniqueName3 = Sample.Hello\\Sample.Hello.Common\\Hello.Common.csproj
		SccProjectName3 = Sample.Hello/Sample.Hello.Common
		SccLocalPath3 = Sample.Hello\\Sample.Hello.Common
		SccProjectUniqueName4 = Sample.Hello\\Sample.Hello\\HelloSystem.csproj
		SccProjectName4 = Sample.Hello/Sample.Hello
		SccLocalPath4 = Sample.Hello\\Sample.Hello
		SccProjectUniqueName5 = HelloHostSetup\\HelloHostSetup.vdproj
		SccProjectName5 = HelloHostSetup
		SccLocalPath5 = HelloHostSetup
		SccProjectUniqueName6 = Sample.WCF.Factory\\Sample.WCF.Factory.csproj
		SccProjectName6 = Sample.WCF.Factory
		SccLocalPath6 = Sample.WCF.Factory
	EndGlobalSection
	GlobalSection(SolutionConfigurationPlatforms) = preSolution
		Automation|Any CPU = Automation|Any CPU
		Automation|x86 = Automation|x86
		BVT|Any CPU = BVT|Any CPU
		BVT|x86 = BVT|x86
		CUIT|Any CPU = CUIT|Any CPU
		CUIT|x86 = CUIT|x86
		Debug|Any CPU = Debug|Any CPU
		Debug|x86 = Debug|x86
		Release|Any CPU = Release|Any CPU
		Release|x86 = Release|x86
		Test|Any CPU = Test|Any CPU
		Test|x86 = Test|x86
		Test2|Any CPU = Test2|Any CPU
		Test2|x86 = Test2|x86
	EndGlobalSection
	GlobalSection(ProjectConfigurationPlatforms) = postSolution
		{969811DA-EDEB-40AA-B309-160483B97798}.Automation|Any CPU.ActiveCfg = Automation|Any CPU
		{969811DA-EDEB-40AA-B309-160483B97798}.Automation|Any CPU.Build.0 = Automation|Any CPU
		{969811DA-EDEB-40AA-B309-160483B97798}.Automation|x86.ActiveCfg = Automation|x86
		{969811DA-EDEB-40AA-B309-160483B97798}.Automation|x86.Build.0 = Automation|x86
		{969811DA-EDEB-40AA-B309-160483B97798}.BVT|Any CPU.ActiveCfg = Release|Any CPU
		{969811DA-EDEB-40AA-B309-160483B97798}.BVT|Any CPU.Build.0 = Release|Any CPU
		{969811DA-EDEB-40AA-B309-160483B97798}.BVT|x86.ActiveCfg = Debug|x86
		{969811DA-EDEB-40AA-B309-160483B97798}.BVT|x86.Build.0 = Debug|x86
		{969811DA-EDEB-40AA-B309-160483B97798}.CUIT|Any CPU.ActiveCfg = Debug|Any CPU
		{969811DA-EDEB-40AA-B309-160483B97798}.CUIT|Any CPU.Build.0 = Debug|Any CPU
		{969811DA-EDEB-40AA-B309-160483B97798}.CUIT|x86.ActiveCfg = Debug|x86
		{969811DA-EDEB-40AA-B309-160483B97798}.Debug|Any CPU.ActiveCfg = Debug|Any CPU
		{969811DA-EDEB-40AA-B309-160483B97798}.Debug|Any CPU.Build.0 = Debug|Any CPU
		{969811DA-EDEB-40AA-B309-160483B97798}.Debug|x86.ActiveCfg = Debug|x86
		{969811DA-EDEB-40AA-B309-160483B97798}.Debug|x86.Build.0 = Debug|x86
		{969811DA-EDEB-40AA-B309-160483B97798}.Release|Any CPU.ActiveCfg = Release|Any CPU
		{969811DA-EDEB-40AA-B309-160483B97798}.Release|Any CPU.Build.0 = Release|Any CPU
		{969811DA-EDEB-40AA-B309-160483B97798}.Release|x86.ActiveCfg = Release|x86
		{969811DA-EDEB-40AA-B309-160483B97798}.Release|x86.Build.0 = Release|x86
		{969811DA-EDEB-40AA-B309-160483B97798}.Test|Any CPU.ActiveCfg = Test|Any CPU
		{969811DA-EDEB-40AA-B309-160483B97798}.Test|Any CPU.Build.0 = Test|Any CPU
		{969811DA-EDEB-40AA-B309-160483B97798}.Test|x86.ActiveCfg = Test|x86
		{969811DA-EDEB-40AA-B309-160483B97798}.Test|x86.Build.0 = Test|x86
		{969811DA-EDEB-40AA-B309-160483B97798}.Test2|Any CPU.ActiveCfg = Test2|Any CPU
		{969811DA-EDEB-40AA-B309-160483B97798}.Test2|Any CPU.Build.0 = Test2|Any CPU
		{969811DA-EDEB-40AA-B309-160483B97798}.Test2|x86.ActiveCfg = Test2|x86
		{969811DA-EDEB-40AA-B309-160483B97798}.Test2|x86.Build.0 = Test2|x86
		{49B6DC0B-0B5D-43B3-8526-DD8F6ECE20DB}.Automation|Any CPU.ActiveCfg = Automation|Any CPU
		{49B6DC0B-0B5D-43B3-8526-DD8F6ECE20DB}.Automation|Any CPU.Build.0 = Automation|Any CPU
		{49B6DC0B-0B5D-43B3-8526-DD8F6ECE20DB}.Automation|x86.ActiveCfg = Automation|x86
		{49B6DC0B-0B5D-43B3-8526-DD8F6ECE20DB}.Automation|x86.Build.0 = Automation|x86
		{49B6DC0B-0B5D-43B3-8526-DD8F6ECE20DB}.BVT|Any CPU.ActiveCfg = Release|Any CPU
		{49B6DC0B-0B5D-43B3-8526-DD8F6ECE20DB}.BVT|Any CPU.Build.0 = Release|Any CPU
		{49B6DC0B-0B5D-43B3-8526-DD8F6ECE20DB}.BVT|x86.ActiveCfg = Debug|x86
		{49B6DC0B-0B5D-43B3-8526-DD8F6ECE20DB}.BVT|x86.Build.0 = Debug|x86
		{49B6DC0B-0B5D-43B3-8526-DD8F6ECE20DB}.CUIT|Any CPU.ActiveCfg = Debug|Any CPU
		{49B6DC0B-0B5D-43B3-8526-DD8F6ECE20DB}.CUIT|Any CPU.Build.0 = Debug|Any CPU
		{49B6DC0B-0B5D-43B3-8526-DD8F6ECE20DB}.CUIT|x86.ActiveCfg = Debug|x86
		{49B6DC0B-0B5D-43B3-8526-DD8F6ECE20DB}.Debug|Any CPU.ActiveCfg = Debug|Any CPU
		{49B6DC0B-0B5D-43B3-8526-DD8F6ECE20DB}.Debug|Any CPU.Build.0 = Debug|Any CPU
		{49B6DC0B-0B5D-43B3-8526-DD8F6ECE20DB}.Debug|x86.ActiveCfg = Debug|x86
		{49B6DC0B-0B5D-43B3-8526-DD8F6ECE20DB}.Debug|x86.Build.0 = Debug|x86
		{49B6DC0B-0B5D-43B3-8526-DD8F6ECE20DB}.Release|Any CPU.ActiveCfg = Release|Any CPU
		{49B6DC0B-0B5D-43B3-8526-DD8F6ECE20DB}.Release|Any CPU.Build.0 = Release|Any CPU
		{49B6DC0B-0B5D-43B3-8526-DD8F6ECE20DB}.Release|x86.ActiveCfg = Release|x86
		{49B6DC0B-0B5D-43B3-8526-DD8F6ECE20DB}.Release|x86.Build.0 = Release|x86
		{49B6DC0B-0B5D-43B3-8526-DD8F6ECE20DB}.Test|Any CPU.ActiveCfg = Test|Any CPU
		{49B6DC0B-0B5D-43B3-8526-DD8F6ECE20DB}.Test|Any CPU.Build.0 = Test|Any CPU
		{49B6DC0B-0B5D-43B3-8526-DD8F6ECE20DB}.Test|x86.ActiveCfg = Test|x86
		{49B6DC0B-0B5D-43B3-8526-DD8F6ECE20DB}.Test|x86.Build.0 = Test|x86
		{49B6DC0B-0B5D-43B3-8526-DD8F6ECE20DB}.Test2|Any CPU.ActiveCfg = Test2|Any CPU
		{49B6DC0B-0B5D-43B3-8526-DD8F6ECE20DB}.Test2|Any CPU.Build.0 = Test2|Any CPU
		{49B6DC0B-0B5D-43B3-8526-DD8F6ECE20DB}.Test2|x86.ActiveCfg = Test2|x86
		{49B6DC0B-0B5D-43B3-8526-DD8F6ECE20DB}.Test2|x86.Build.0 = Test2|x86
		{6837DA61-8546-4C02-9B34-FEA6D8BFAF1E}.Automation|Any CPU.ActiveCfg = Automation|Any CPU
		{6837DA61-8546-4C02-9B34-FEA6D8BFAF1E}.Automation|Any CPU.Build.0 = Automation|Any CPU
		{6837DA61-8546-4C02-9B34-FEA6D8BFAF1E}.Automation|x86.ActiveCfg = Automation|x86
		{6837DA61-8546-4C02-9B34-FEA6D8BFAF1E}.Automation|x86.Build.0 = Automation|x86
		{6837DA61-8546-4C02-9B34-FEA6D8BFAF1E}.BVT|Any CPU.ActiveCfg = Release|Any CPU
		{6837DA61-8546-4C02-9B34-FEA6D8BFAF1E}.BVT|Any CPU.Build.0 = Release|Any CPU
		{6837DA61-8546-4C02-9B34-FEA6D8BFAF1E}.BVT|x86.ActiveCfg = BVT|x86
		{6837DA61-8546-4C02-9B34-FEA6D8BFAF1E}.BVT|x86.Build.0 = BVT|x86
		{6837DA61-8546-4C02-9B34-FEA6D8BFAF1E}.CUIT|Any CPU.ActiveCfg = Debug|Any CPU
		{6837DA61-8546-4C02-9B34-FEA6D8BFAF1E}.CUIT|Any CPU.Build.0 = Debug|Any CPU
		{6837DA61-8546-4C02-9B34-FEA6D8BFAF1E}.CUIT|x86.ActiveCfg = Debug|x86
		{6837DA61-8546-4C02-9B34-FEA6D8BFAF1E}.Debug|Any CPU.ActiveCfg = Debug|Any CPU
		{6837DA61-8546-4C02-9B34-FEA6D8BFAF1E}.Debug|Any CPU.Build.0 = Debug|Any CPU
		{6837DA61-8546-4C02-9B34-FEA6D8BFAF1E}.Debug|x86.ActiveCfg = Debug|x86
		{6837DA61-8546-4C02-9B34-FEA6D8BFAF1E}.Debug|x86.Build.0 = Debug|x86
		{6837DA61-8546-4C02-9B34-FEA6D8BFAF1E}.Release|Any CPU.ActiveCfg = Release|Any CPU
		{6837DA61-8546-4C02-9B34-FEA6D8BFAF1E}.Release|Any CPU.Build.0 = Release|Any CPU
		{6837DA61-8546-4C02-9B34-FEA6D8BFAF1E}.Release|x86.ActiveCfg = Release|x86
		{6837DA61-8546-4C02-9B34-FEA6D8BFAF1E}.Release|x86.Build.0 = Release|x86
		{6837DA61-8546-4C02-9B34-FEA6D8BFAF1E}.Test|Any CPU.ActiveCfg = Test|Any CPU
		{6837DA61-8546-4C02-9B34-FEA6D8BFAF1E}.Test|Any CPU.Build.0 = Test|Any CPU
		{6837DA61-8546-4C02-9B34-FEA6D8BFAF1E}.Test|x86.ActiveCfg = Test|x86
		{6837DA61-8546-4C02-9B34-FEA6D8BFAF1E}.Test|x86.Build.0 = Test|x86
		{6837DA61-8546-4C02-9B34-FEA6D8BFAF1E}.Test2|Any CPU.ActiveCfg = Test2|Any CPU
		{6837DA61-8546-4C02-9B34-FEA6D8BFAF1E}.Test2|Any CPU.Build.0 = Test2|Any CPU
		{6837DA61-8546-4C02-9B34-FEA6D8BFAF1E}.Test2|x86.ActiveCfg = Test2|x86
		{6837DA61-8546-4C02-9B34-FEA6D8BFAF1E}.Test2|x86.Build.0 = Test2|x86
		{F9CB5AD3-7109-4579-AEF3-CC19EDC2D3BB}.Automation|Any CPU.ActiveCfg = BVT|Any CPU
		{F9CB5AD3-7109-4579-AEF3-CC19EDC2D3BB}.Automation|Any CPU.Build.0 = BVT|Any CPU
		{F9CB5AD3-7109-4579-AEF3-CC19EDC2D3BB}.Automation|x86.ActiveCfg = BVT|x86
		{F9CB5AD3-7109-4579-AEF3-CC19EDC2D3BB}.Automation|x86.Build.0 = BVT|x86
		{F9CB5AD3-7109-4579-AEF3-CC19EDC2D3BB}.BVT|Any CPU.ActiveCfg = Release|Any CPU
		{F9CB5AD3-7109-4579-AEF3-CC19EDC2D3BB}.BVT|Any CPU.Build.0 = Release|Any CPU
		{F9CB5AD3-7109-4579-AEF3-CC19EDC2D3BB}.BVT|x86.ActiveCfg = Debug|x86
		{F9CB5AD3-7109-4579-AEF3-CC19EDC2D3BB}.BVT|x86.Build.0 = Debug|x86
		{F9CB5AD3-7109-4579-AEF3-CC19EDC2D3BB}.CUIT|Any CPU.ActiveCfg = Debug|Any CPU
		{F9CB5AD3-7109-4579-AEF3-CC19EDC2D3BB}.CUIT|Any CPU.Build.0 = Debug|Any CPU
		{F9CB5AD3-7109-4579-AEF3-CC19EDC2D3BB}.CUIT|x86.ActiveCfg = Debug|x86
		{F9CB5AD3-7109-4579-AEF3-CC19EDC2D3BB}.Debug|Any CPU.ActiveCfg = Debug|Any CPU
		{F9CB5AD3-7109-4579-AEF3-CC19EDC2D3BB}.Debug|Any CPU.Build.0 = Debug|Any CPU
		{F9CB5AD3-7109-4579-AEF3-CC19EDC2D3BB}.Debug|x86.ActiveCfg = Debug|x86
		{F9CB5AD3-7109-4579-AEF3-CC19EDC2D3BB}.Debug|x86.Build.0 = Debug|x86
		{F9CB5AD3-7109-4579-AEF3-CC19EDC2D3BB}.Release|Any CPU.ActiveCfg = Release|Any CPU
		{F9CB5AD3-7109-4579-AEF3-CC19EDC2D3BB}.Release|Any CPU.Build.0 = Release|Any CPU
		{F9CB5AD3-7109-4579-AEF3-CC19EDC2D3BB}.Release|x86.ActiveCfg = Release|x86
		{F9CB5AD3-7109-4579-AEF3-CC19EDC2D3BB}.Release|x86.Build.0 = Release|x86
		{F9CB5AD3-7109-4579-AEF3-CC19EDC2D3BB}.Test|Any CPU.ActiveCfg = Test|Any CPU
		{F9CB5AD3-7109-4579-AEF3-CC19EDC2D3BB}.Test|Any CPU.Build.0 = Test|Any CPU
		{F9CB5AD3-7109-4579-AEF3-CC19EDC2D3BB}.Test|x86.ActiveCfg = Test|x86
		{F9CB5AD3-7109-4579-AEF3-CC19EDC2D3BB}.Test|x86.Build.0 = Test|x86
		{F9CB5AD3-7109-4579-AEF3-CC19EDC2D3BB}.Test2|Any CPU.ActiveCfg = Test2|Any CPU
		{F9CB5AD3-7109-4579-AEF3-CC19EDC2D3BB}.Test2|Any CPU.Build.0 = Test2|Any CPU
		{F9CB5AD3-7109-4579-AEF3-CC19EDC2D3BB}.Test2|x86.ActiveCfg = Test2|x86
		{F9CB5AD3-7109-4579-AEF3-CC19EDC2D3BB}.Test2|x86.Build.0 = Test2|x86
		{5BB39429-0934-4299-A4D2-5055B5F3EB9F}.Automation|Any CPU.ActiveCfg = Release|Any CPU
		{5BB39429-0934-4299-A4D2-5055B5F3EB9F}.Automation|Any CPU.Build.0 = Release|Any CPU
		{5BB39429-0934-4299-A4D2-5055B5F3EB9F}.Automation|x86.ActiveCfg = Release|Any CPU
		{5BB39429-0934-4299-A4D2-5055B5F3EB9F}.BVT|Any CPU.ActiveCfg = Release|Any CPU
		{5BB39429-0934-4299-A4D2-5055B5F3EB9F}.BVT|Any CPU.Build.0 = Release|Any CPU
		{5BB39429-0934-4299-A4D2-5055B5F3EB9F}.BVT|x86.ActiveCfg = Release|Any CPU
		{5BB39429-0934-4299-A4D2-5055B5F3EB9F}.CUIT|Any CPU.ActiveCfg = Release|Any CPU
		{5BB39429-0934-4299-A4D2-5055B5F3EB9F}.CUIT|Any CPU.Build.0 = Release|Any CPU
		{5BB39429-0934-4299-A4D2-5055B5F3EB9F}.CUIT|x86.ActiveCfg = Release|Any CPU
		{5BB39429-0934-4299-A4D2-5055B5F3EB9F}.Debug|Any CPU.ActiveCfg = Debug|Any CPU
		{5BB39429-0934-4299-A4D2-5055B5F3EB9F}.Debug|Any CPU.Build.0 = Debug|Any CPU
		{5BB39429-0934-4299-A4D2-5055B5F3EB9F}.Debug|x86.ActiveCfg = Debug|Any CPU
		{5BB39429-0934-4299-A4D2-5055B5F3EB9F}.Release|Any CPU.ActiveCfg = Release|Any CPU
		{5BB39429-0934-4299-A4D2-5055B5F3EB9F}.Release|Any CPU.Build.0 = Release|Any CPU
		{5BB39429-0934-4299-A4D2-5055B5F3EB9F}.Release|x86.ActiveCfg = Release|Any CPU
		{5BB39429-0934-4299-A4D2-5055B5F3EB9F}.Test|Any CPU.ActiveCfg = Release|Any CPU
		{5BB39429-0934-4299-A4D2-5055B5F3EB9F}.Test|Any CPU.Build.0 = Release|Any CPU
		{5BB39429-0934-4299-A4D2-5055B5F3EB9F}.Test|x86.ActiveCfg = Release|Any CPU
		{5BB39429-0934-4299-A4D2-5055B5F3EB9F}.Test2|Any CPU.ActiveCfg = Release|Any CPU
		{5BB39429-0934-4299-A4D2-5055B5F3EB9F}.Test2|Any CPU.Build.0 = Release|Any CPU
		{5BB39429-0934-4299-A4D2-5055B5F3EB9F}.Test2|x86.ActiveCfg = Release|Any CPU
		{262E7A2F-EAC4-4FE9-A6FF-EC5ED4501FF6}.Automation|Any CPU.ActiveCfg = Test2
		{262E7A2F-EAC4-4FE9-A6FF-EC5ED4501FF6}.Automation|Any CPU.Build.0 = Test2
		{262E7A2F-EAC4-4FE9-A6FF-EC5ED4501FF6}.Automation|x86.ActiveCfg = Test2
		{262E7A2F-EAC4-4FE9-A6FF-EC5ED4501FF6}.Automation|x86.Build.0 = Test2
		{262E7A2F-EAC4-4FE9-A6FF-EC5ED4501FF6}.BVT|Any CPU.ActiveCfg = Test2
		{262E7A2F-EAC4-4FE9-A6FF-EC5ED4501FF6}.BVT|Any CPU.Build.0 = Test2
		{262E7A2F-EAC4-4FE9-A6FF-EC5ED4501FF6}.BVT|x86.ActiveCfg = Test2
		{262E7A2F-EAC4-4FE9-A6FF-EC5ED4501FF6}.BVT|x86.Build.0 = Test2
		{262E7A2F-EAC4-4FE9-A6FF-EC5ED4501FF6}.CUIT|Any CPU.ActiveCfg = Test2
		{262E7A2F-EAC4-4FE9-A6FF-EC5ED4501FF6}.CUIT|Any CPU.Build.0 = Test2
		{262E7A2F-EAC4-4FE9-A6FF-EC5ED4501FF6}.CUIT|x86.ActiveCfg = Test2
		{262E7A2F-EAC4-4FE9-A6FF-EC5ED4501FF6}.CUIT|x86.Build.0 = Test2
		{262E7A2F-EAC4-4FE9-A6FF-EC5ED4501FF6}.Debug|Any CPU.ActiveCfg = Debug
		{262E7A2F-EAC4-4FE9-A6FF-EC5ED4501FF6}.Debug|Any CPU.Build.0 = Debug
		{262E7A2F-EAC4-4FE9-A6FF-EC5ED4501FF6}.Debug|x86.ActiveCfg = Debug
		{262E7A2F-EAC4-4FE9-A6FF-EC5ED4501FF6}.Debug|x86.Build.0 = Debug
		{262E7A2F-EAC4-4FE9-A6FF-EC5ED4501FF6}.Release|Any CPU.ActiveCfg = Release
		{262E7A2F-EAC4-4FE9-A6FF-EC5ED4501FF6}.Release|Any CPU.Build.0 = Release
		{262E7A2F-EAC4-4FE9-A6FF-EC5ED4501FF6}.Release|x86.ActiveCfg = Release
		{262E7A2F-EAC4-4FE9-A6FF-EC5ED4501FF6}.Release|x86.Build.0 = Release
		{262E7A2F-EAC4-4FE9-A6FF-EC5ED4501FF6}.Test|Any CPU.ActiveCfg = Test2
		{262E7A2F-EAC4-4FE9-A6FF-EC5ED4501FF6}.Test|Any CPU.Build.0 = Test2
		{262E7A2F-EAC4-4FE9-A6FF-EC5ED4501FF6}.Test|x86.ActiveCfg = Test2
		{262E7A2F-EAC4-4FE9-A6FF-EC5ED4501FF6}.Test|x86.Build.0 = Test2
		{262E7A2F-EAC4-4FE9-A6FF-EC5ED4501FF6}.Test2|Any CPU.ActiveCfg = Test2
		{262E7A2F-EAC4-4FE9-A6FF-EC5ED4501FF6}.Test2|Any CPU.Build.0 = Test2
		{262E7A2F-EAC4-4FE9-A6FF-EC5ED4501FF6}.Test2|x86.ActiveCfg = Test2
		{262E7A2F-EAC4-4FE9-A6FF-EC5ED4501FF6}.Test2|x86.Build.0 = Test2
	EndGlobalSection
	GlobalSection(SolutionProperties) = preSolution
		HideSolutionNode = FALSE
	EndGlobalSection
	GlobalSection(TestCaseManagementSettings) = postSolution
		CategoryFile = Hello3.vsmdi
	EndGlobalSection
EndGlobal
